// !$*UTF8*$!
{
	archiveVersion = 1;
	classes = {
	};
	objectVersion = 46;
	objects = {

/* Begin PBXBuildFile section */
		A34225E31C3A9BC600C1A6A3 /* main.m in Sources */ = {isa = PBXBuildFile; fileRef = A34225E21C3A9BC600C1A6A3 /* main.m */; };
		A34225EB1C3A9CC100C1A6A3 /* test.m in Sources */ = {isa = PBXBuildFile; fileRef = A34225EA1C3A9CC100C1A6A3 /* test.m */; };
/* End PBXBuildFile section */

/* Begin PBXCopyFilesBuildPhase section */
		A34225DD1C3A9BC600C1A6A3 /* CopyFiles */ = {
			isa = PBXCopyFilesBuildPhase;
			buildActionMask = 2147483647;
			dstPath = /usr/share/man/man1/;
			dstSubfolderSpec = 0;
			files = (
			);
			runOnlyForDeploymentPostprocessing = 1;
		};
/* End PBXCopyFilesBuildPhase section */

/* Begin PBXFileReference section */
		A34225DF1C3A9BC600C1A6A3 /* abs */ = {isa = PBXFileReference; explicitFileType = "compiled.mach-o.executable"; includeInIndex = 0; path = abs; sourceTree = BUILT_PRODUCTS_DIR; };
		A34225E21C3A9BC600C1A6A3 /* main.m */ = {isa = PBXFileReference; lastKnownFileType = sourcecode.c.objc; path = main.m; sourceTree = "<group>"; };
		A34225E91C3A9CC100C1A6A3 /* test.h */ = {isa = PBXFileReference; fileEncoding = 4; lastKnownFileType = sourcecode.c.h; path = test.h; sourceTree = "<group>"; };
		A34225EA1C3A9CC100C1A6A3 /* test.m */ = {isa = PBXFileReference; fileEncoding = 4; lastKnownFileType = sourcecode.c.objc; path = test.m; sourceTree = "<group>"; };
/* End PBXFileReference section */

/* Begin PBXFrameworksBuildPhase section */
		A34225DC1C3A9BC600C1A6A3 /* Frameworks */ = {
			isa = PBXFrameworksBuildPhase;
			buildActionMask = 2147483647;
			files = (
			);
			runOnlyForDeploymentPostprocessing = 0;
		};
/* End PBXFrameworksBuildPhase section */

/* Begin PBXGroup section */
		A34225D61C3A9BC600C1A6A3 = {
			isa = PBXGroup;
			children = (
				A34225E11C3A9BC600C1A6A3 /* abs */,
				A34225E01C3A9BC600C1A6A3 /* Products */,
			);
			sourceTree = "<group>";
		};
		A34225E01C3A9BC600C1A6A3 /* Products */ = {
			isa = PBXGroup;
			children = (
				A34225DF1C3A9BC600C1A6A3 /* abs */,
			);
			name = Products;
			sourceTree = "<group>";
		};
		A34225E11C3A9BC600C1A6A3 /* abs */ = {
			isa = PBXGroup;
			children = (
				A34225E21C3A9BC600C1A6A3 /* main.m */,
				A34225E91C3A9CC100C1A6A3 /* test.h */,
				A34225EA1C3A9CC100C1A6A3 /* test.m */,
			);
			path = abs;
			sourceTree = "<group>";
		};
/* End PBXGroup section */

/* Begin PBXNativeTarget section */
		A34225DE1C3A9BC600C1A6A3 /* abs */ = {
			isa = PBXNativeTarget;
			buildConfigurationList = A34225E61C3A9BC600C1A6A3 /* Build configuration list for PBXNativeTarget "abs" */;
			buildPhases = (
				A34225DB1C3A9BC600C1A6A3 /* Sources */,
				A34225DC1C3A9BC600C1A6A3 /* Frameworks */,
				A34225DD1C3A9BC600C1A6A3 /* CopyFiles */,
			);
			buildRules = (
			);
			dependencies = (
			);
			name = abs;
			productName = abs;
			productReference = A34225DF1C3A9BC600C1A6A3 /* abs */;
			productType = "com.apple.product-type.tool";
		};
/* End PBXNativeTarget section */

/* Begin PBXProject section */
		A34225D71C3A9BC600C1A6A3 /* Project object */ = {
			isa = PBXProject;
			attributes = {
				LastUpgradeCheck = 0640;
				ORGANIZATIONNAME = "Dhaval Barot";
				TargetAttributes = {
					A34225DE1C3A9BC600C1A6A3 = {
						CreatedOnToolsVersion = 6.4;
					};
				};
			};
			buildConfigurationList = A34225DA1C3A9BC600C1A6A3 /* Build configuration list for PBXProject "abs" */;
			compatibilityVersion = "Xcode 3.2";
			developmentRegion = English;
			hasScannedForEncodings = 0;
			knownRegions = (
				en,
			);
			mainGroup = A34225D61C3A9BC600C1A6A3;
			productRefGroup = A34225E01C3A9BC600C1A6A3 /* Products */;
			projectDirPath = "";
			projectRoot = "";
			targets = (
				A34225DE1C3A9BC600C1A6A3 /* abs */,
			);
		};
/* End PBXProject section */

/* Begin PBXSourcesBuildPhase section */
		A34225DB1C3A9BC600C1A6A3 /* Sources */ = {
			isa = PBXSourcesBuildPhase;
			buildActionMask = 2147483647;
			files = (
				A34225E31C3A9BC600C1A6A3 /* main.m in Sources */,
				A34225EB1C3A9CC100C1A6A3 /* test.m in Sources */,
			);
			runOnlyForDeploymentPostprocessing = 0;
		};
/* End PBXSourcesBuildPhase section */

/* Begin XCBuildConfiguration section */
		A34225E41C3A9BC600C1A6A3 /* Debug */ = {
			isa = XCBuildConfiguration;
			buildSettings = {
				ALWAYS_SEARCH_USER_PATHS = NO;
				CLANG_CXX_LANGUAGE_STANDARD = "gnu++0x";
				CLANG_CXX_LIBRARY = "libc++";
				CLANG_ENABLE_MODULES = YES;
				CLANG_ENABLE_OBJC_ARC = YES;
				CLANG_WARN_BOOL_CONVERSION = YES;
				CLANG_WARN_CONSTANT_CONVERSION = YES;
				CLANG_WARN_DIRECT_OBJC_ISA_USAGE = YES_ERROR;
				CLANG_WARN_EMPTY_BODY = YES;
				CLANG_WARN_ENUM_CONVERSION = YES;
				CLANG_WARN_INT_CONVERSION = YES;
				CLANG_WARN_OBJC_ROOT_CLASS = YES_ERROR;
				CLANG_WARN_UNREACHABLE_CODE = YES;
				CLANG_WARN__DUPLICATE_METHOD_MATCH = YES;
				COPY_PHASE_STRIP = NO;
				DEBUG_INFORMATION_FORMAT = dwarf;
				ENABLE_STRICT_OBJC_MSGSEND = YES;
				GCC_C_LANGUAGE_STANDARD = gnu99;
				GCC_DYNAMIC_NO_PIC = NO;
				GCC_NO_COMMON_BLOCKS = YES;
				GCC_OPTIMIZATION_LEVEL = 0;
				GCC_PREPROCESSOR_DEFINITIONS = (
					"DEBUG=1",
					"$(inherited)",
				);
				GCC_SYMBOLS_PRIVATE_EXTERN = NO;
				GCC_WARN_64_TO_32_BIT_CONVERSION = YES;
				GCC_WARN_ABOUT_RETURN_TYPE = YES_ERROR;
				GCC_WARN_UNDECLARED_SELECTOR = YES;
				GCC_WARN_UNINITIALIZED_AUTOS = YES_AGGRESSIVE;
				GCC_WARN_UNUSED_FUNCTION = YES;
				GCC_WARN_UNUSED_VARIABLE = YES;
				MACOSX_DEPLOYMENT_TARGET = 10.10;
				MTL_ENABLE_DEBUG_INFO = YES;
				ONLY_ACTIVE_ARCH = YES;
				SDKROOT = macosx;
			};
			name = Debug;
		};
		A34225E51C3A9BC600C1A6A3 /* Release */ = {
			isa = XCBuildConfiguration;
			buildSettings = {
				ALWAYS_SEARCH_USER_PATHS = NO;
				CLANG_CXX_LANGUAGE_STANDARD = "gnu++0x";
				CLANG_CXX_LIBRARY = "libc++";
				CLANG_ENABLE_MODULES = YES;
				CLANG_ENABLE_OBJC_ARC = YES;
				CLANG_WARN_BOOL_CONVERSION = YES;
				CLANG_WARN_CONSTANT_CONVERSION = YES;
				CLANG_WARN_DIRECT_OBJC_ISA_USAGE = YES_ERROR;
				CLANG_WARN_EMPTY_BODY = YES;
				CLANG_WARN_ENUM_CONVERSION = YES;
				CLANG_WARN_INT_CONVERSION = YES;
				CLANG_WARN_OBJC_ROOT_CLASS = YES_ERROR;
				CLANG_WARN_UNREACHABLE_CODE = YES;
				CLANG_WARN__DUPLICATE_METHOD_MATCH = YES;
				COPY_PHASE_STRIP = NO;
				DEBUG_INFORMATION_FORMAT = "dwarf-with-dsym";
				ENABLE_NS_ASSERTIONS = NO;
				ENABLE_STRICT_OBJC_MSGSEND = YES;
				GCC_C_LANGUAGE_STANDARD = gnu99;
				GCC_NO_COMMON_BLOCKS = YES;
				GCC_WARN_64_TO_32_BIT_CONVERSION = YES;
				GCC_WARN_ABOUT_RETURN_TYPE = YES_ERROR;
				GCC_WARN_UNDECLARED_SELECTOR = YES;
				GCC_WARN_UNINITIALIZED_AUTOS = YES_AGGRESSIVE;
				GCC_WARN_UNUSED_FUNCTION = YES;
				GCC_WARN_UNUSED_VARIABLE = YES;
				MACOSX_DEPLOYMENT_TARGET = 10.10;
				MTL_ENABLE_DEBUG_INFO = NO;
				SDKROOT = macosx;
			};
			name = Release;
		};
		A34225E71C3A9BC600C1A6A3 /* Debug */ = {
			isa = XCBuildConfiguration;
			buildSettings = {
				PRODUCT_NAME = "$(TARGET_NAME)";
			};
			name = Debug;
		};
		A34225E81C3A9BC600C1A6A3 /* Release */ = {
			isa = XCBuildConfiguration;
			buildSettings = {
				PRODUCT_NAME = "$(TARGET_NAME)";
			};
			name = Release;
		};
/* End XCBuildConfiguration section */

/* Begin XCConfigurationList section */
		A34225DA1C3A9BC600C1A6A3 /* Build configuration list for PBXProject "abs" */ = {
			isa = XCConfigurationList;
			buildConfigurations = (
				A34225E41C3A9BC600C1A6A3 /* Debug */,
				A34225E51C3A9BC600C1A6A3 /* Release */,
			);
			defaultConfigurationIsVisible = 0;
			defaultConfigurationName = Release;
		};
		A34225E61C3A9BC600C1A6A3 /* Build configuration list for PBXNativeTarget "abs" */ = {
			isa = XCConfigurationList;
			buildConfigurations = (
				A34225E71C3A9BC600C1A6A3 /* Debug */,
				A34225E81C3A9BC600C1A6A3 /* Release */,
			);
			defaultConfigurationIsVisible = 0;
		};
/* End XCConfigurationList section */
	};
	rootObject = A34225D71C3A9BC600C1A6A3 /* Project object */;
}
