// !$*UTF8*$!
{
	archiveVersion = 1;
	classes = {
	};
	objectVersion = 46;
	objects = {

/* Begin PBXBuildFile section */
		A36398FB1C50A1C200F3DB95 /* pageViewController.m in Sources */ = {isa = PBXBuildFile; fileRef = A36398FA1C50A1C200F3DB95 /* pageViewController.m */; };
		A386B7451C4FA9B9009E6B38 /* main.m in Sources */ = {isa = PBXBuildFile; fileRef = A386B7441C4FA9B9009E6B38 /* main.m */; };
		A386B7481C4FA9B9009E6B38 /* AppDelegate.m in Sources */ = {isa = PBXBuildFile; fileRef = A386B7471C4FA9B9009E6B38 /* AppDelegate.m */; };
		A386B74B1C4FA9B9009E6B38 /* ViewController.m in Sources */ = {isa = PBXBuildFile; fileRef = A386B74A1C4FA9B9009E6B38 /* ViewController.m */; };
		A386B74E1C4FA9B9009E6B38 /* Main.storyboard in Resources */ = {isa = PBXBuildFile; fileRef = A386B74C1C4FA9B9009E6B38 /* Main.storyboard */; };
		A386B7501C4FA9B9009E6B38 /* Images.xcassets in Resources */ = {isa = PBXBuildFile; fileRef = A386B74F1C4FA9B9009E6B38 /* Images.xcassets */; };
		A386B7531C4FA9B9009E6B38 /* LaunchScreen.xib in Resources */ = {isa = PBXBuildFile; fileRef = A386B7511C4FA9B9009E6B38 /* LaunchScreen.xib */; };
		A386B75F1C4FA9BA009E6B38 /* ImaginariumTests.m in Sources */ = {isa = PBXBuildFile; fileRef = A386B75E1C4FA9BA009E6B38 /* ImaginariumTests.m */; };
		A386B76A1C4FAAC1009E6B38 /* ImageViewController.m in Sources */ = {isa = PBXBuildFile; fileRef = A386B7691C4FAAC1009E6B38 /* ImageViewController.m */; };
/* End PBXBuildFile section */

/* Begin PBXContainerItemProxy section */
		A386B7591C4FA9BA009E6B38 /* PBXContainerItemProxy */ = {
			isa = PBXContainerItemProxy;
			containerPortal = A386B7371C4FA9B9009E6B38 /* Project object */;
			proxyType = 1;
			remoteGlobalIDString = A386B73E1C4FA9B9009E6B38;
			remoteInfo = Imaginarium;
		};
/* End PBXContainerItemProxy section */

/* Begin PBXFileReference section */
		A36398F91C50A1C200F3DB95 /* pageViewController.h */ = {isa = PBXFileReference; fileEncoding = 4; lastKnownFileType = sourcecode.c.h; path = pageViewController.h; sourceTree = "<group>"; };
		A36398FA1C50A1C200F3DB95 /* pageViewController.m */ = {isa = PBXFileReference; fileEncoding = 4; lastKnownFileType = sourcecode.c.objc; path = pageViewController.m; sourceTree = "<group>"; };
		A386B73F1C4FA9B9009E6B38 /* Imaginarium.app */ = {isa = PBXFileReference; explicitFileType = wrapper.application; includeInIndex = 0; path = Imaginarium.app; sourceTree = BUILT_PRODUCTS_DIR; };
		A386B7431C4FA9B9009E6B38 /* Info.plist */ = {isa = PBXFileReference; lastKnownFileType = text.plist.xml; path = Info.plist; sourceTree = "<group>"; };
		A386B7441C4FA9B9009E6B38 /* main.m */ = {isa = PBXFileReference; lastKnownFileType = sourcecode.c.objc; path = main.m; sourceTree = "<group>"; };
		A386B7461C4FA9B9009E6B38 /* AppDelegate.h */ = {isa = PBXFileReference; lastKnownFileType = sourcecode.c.h; path = AppDelegate.h; sourceTree = "<group>"; };
		A386B7471C4FA9B9009E6B38 /* AppDelegate.m */ = {isa = PBXFileReference; lastKnownFileType = sourcecode.c.objc; path = AppDelegate.m; sourceTree = "<group>"; };
		A386B7491C4FA9B9009E6B38 /* ViewController.h */ = {isa = PBXFileReference; lastKnownFileType = sourcecode.c.h; path = ViewController.h; sourceTree = "<group>"; };
		A386B74A1C4FA9B9009E6B38 /* ViewController.m */ = {isa = PBXFileReference; lastKnownFileType = sourcecode.c.objc; path = ViewController.m; sourceTree = "<group>"; };
		A386B74D1C4FA9B9009E6B38 /* Base */ = {isa = PBXFileReference; lastKnownFileType = file.storyboard; name = Base; path = Base.lproj/Main.storyboard; sourceTree = "<group>"; };
		A386B74F1C4FA9B9009E6B38 /* Images.xcassets */ = {isa = PBXFileReference; lastKnownFileType = folder.assetcatalog; path = Images.xcassets; sourceTree = "<group>"; };
		A386B7521C4FA9B9009E6B38 /* Base */ = {isa = PBXFileReference; lastKnownFileType = file.xib; name = Base; path = Base.lproj/LaunchScreen.xib; sourceTree = "<group>"; };
		A386B7581C4FA9BA009E6B38 /* ImaginariumTests.xctest */ = {isa = PBXFileReference; explicitFileType = wrapper.cfbundle; includeInIndex = 0; path = ImaginariumTests.xctest; sourceTree = BUILT_PRODUCTS_DIR; };
		A386B75D1C4FA9BA009E6B38 /* Info.plist */ = {isa = PBXFileReference; lastKnownFileType = text.plist.xml; path = Info.plist; sourceTree = "<group>"; };
		A386B75E1C4FA9BA009E6B38 /* ImaginariumTests.m */ = {isa = PBXFileReference; lastKnownFileType = sourcecode.c.objc; path = ImaginariumTests.m; sourceTree = "<group>"; };
		A386B7681C4FAAC1009E6B38 /* ImageViewController.h */ = {isa = PBXFileReference; fileEncoding = 4; lastKnownFileType = sourcecode.c.h; path = ImageViewController.h; sourceTree = "<group>"; };
		A386B7691C4FAAC1009E6B38 /* ImageViewController.m */ = {isa = PBXFileReference; fileEncoding = 4; lastKnownFileType = sourcecode.c.objc; path = ImageViewController.m; sourceTree = "<group>"; };
/* End PBXFileReference section */

/* Begin PBXFrameworksBuildPhase section */
		A386B73C1C4FA9B9009E6B38 /* Frameworks */ = {
			isa = PBXFrameworksBuildPhase;
			buildActionMask = 2147483647;
			files = (
			);
			runOnlyForDeploymentPostprocessing = 0;
		};
		A386B7551C4FA9BA009E6B38 /* Frameworks */ = {
			isa = PBXFrameworksBuildPhase;
			buildActionMask = 2147483647;
			files = (
			);
			runOnlyForDeploymentPostprocessing = 0;
		};
/* End PBXFrameworksBuildPhase section */

/* Begin PBXGroup section */
		A386B7361C4FA9B9009E6B38 = {
			isa = PBXGroup;
			children = (
				A386B7411C4FA9B9009E6B38 /* Imaginarium */,
				A386B75B1C4FA9BA009E6B38 /* ImaginariumTests */,
				A386B7401C4FA9B9009E6B38 /* Products */,
			);
			sourceTree = "<group>";
		};
		A386B7401C4FA9B9009E6B38 /* Products */ = {
			isa = PBXGroup;
			children = (
				A386B73F1C4FA9B9009E6B38 /* Imaginarium.app */,
				A386B7581C4FA9BA009E6B38 /* ImaginariumTests.xctest */,
			);
			name = Products;
			sourceTree = "<group>";
		};
		A386B7411C4FA9B9009E6B38 /* Imaginarium */ = {
			isa = PBXGroup;
			children = (
				A386B7491C4FA9B9009E6B38 /* ViewController.h */,
				A386B74A1C4FA9B9009E6B38 /* ViewController.m */,
				A386B74C1C4FA9B9009E6B38 /* Main.storyboard */,
				A36398F91C50A1C200F3DB95 /* pageViewController.h */,
				A36398FA1C50A1C200F3DB95 /* pageViewController.m */,
				A386B7681C4FAAC1009E6B38 /* ImageViewController.h */,
				A386B7691C4FAAC1009E6B38 /* ImageViewController.m */,
				A386B74F1C4FA9B9009E6B38 /* Images.xcassets */,
				A386B7511C4FA9B9009E6B38 /* LaunchScreen.xib */,
				A386B7421C4FA9B9009E6B38 /* Supporting Files */,
			);
			path = Imaginarium;
			sourceTree = "<group>";
		};
		A386B7421C4FA9B9009E6B38 /* Supporting Files */ = {
			isa = PBXGroup;
			children = (
				A386B7461C4FA9B9009E6B38 /* AppDelegate.h */,
				A386B7471C4FA9B9009E6B38 /* AppDelegate.m */,
				A386B7431C4FA9B9009E6B38 /* Info.plist */,
				A386B7441C4FA9B9009E6B38 /* main.m */,
			);
			name = "Supporting Files";
			sourceTree = "<group>";
		};
		A386B75B1C4FA9BA009E6B38 /* ImaginariumTests */ = {
			isa = PBXGroup;
			children = (
				A386B75E1C4FA9BA009E6B38 /* ImaginariumTests.m */,
				A386B75C1C4FA9BA009E6B38 /* Supporting Files */,
			);
			path = ImaginariumTests;
			sourceTree = "<group>";
		};
		A386B75C1C4FA9BA009E6B38 /* Supporting Files */ = {
			isa = PBXGroup;
			children = (
				A386B75D1C4FA9BA009E6B38 /* Info.plist */,
			);
			name = "Supporting Files";
			sourceTree = "<group>";
		};
/* End PBXGroup section */

/* Begin PBXNativeTarget section */
		A386B73E1C4FA9B9009E6B38 /* Imaginarium */ = {
			isa = PBXNativeTarget;
			buildConfigurationList = A386B7621C4FA9BA009E6B38 /* Build configuration list for PBXNativeTarget "Imaginarium" */;
			buildPhases = (
				A386B73B1C4FA9B9009E6B38 /* Sources */,
				A386B73C1C4FA9B9009E6B38 /* Frameworks */,
				A386B73D1C4FA9B9009E6B38 /* Resources */,
			);
			buildRules = (
			);
			dependencies = (
			);
			name = Imaginarium;
			productName = Imaginarium;
			productReference = A386B73F1C4FA9B9009E6B38 /* Imaginarium.app */;
			productType = "com.apple.product-type.application";
		};
		A386B7571C4FA9BA009E6B38 /* ImaginariumTests */ = {
			isa = PBXNativeTarget;
			buildConfigurationList = A386B7651C4FA9BA009E6B38 /* Build configuration list for PBXNativeTarget "ImaginariumTests" */;
			buildPhases = (
				A386B7541C4FA9BA009E6B38 /* Sources */,
				A386B7551C4FA9BA009E6B38 /* Frameworks */,
				A386B7561C4FA9BA009E6B38 /* Resources */,
			);
			buildRules = (
			);
			dependencies = (
				A386B75A1C4FA9BA009E6B38 /* PBXTargetDependency */,
			);
			name = ImaginariumTests;
			productName = ImaginariumTests;
			productReference = A386B7581C4FA9BA009E6B38 /* ImaginariumTests.xctest */;
			productType = "com.apple.product-type.bundle.unit-test";
		};
/* End PBXNativeTarget section */

/* Begin PBXProject section */
		A386B7371C4FA9B9009E6B38 /* Project object */ = {
			isa = PBXProject;
			attributes = {
				LastUpgradeCheck = 0640;
				ORGANIZATIONNAME = "Chirag Sanghvi";
				TargetAttributes = {
					A386B73E1C4FA9B9009E6B38 = {
						CreatedOnToolsVersion = 6.4;
					};
					A386B7571C4FA9BA009E6B38 = {
						CreatedOnToolsVersion = 6.4;
						TestTargetID = A386B73E1C4FA9B9009E6B38;
					};
				};
			};
			buildConfigurationList = A386B73A1C4FA9B9009E6B38 /* Build configuration list for PBXProject "Imaginarium" */;
			compatibilityVersion = "Xcode 3.2";
			developmentRegion = English;
			hasScannedForEncodings = 0;
			knownRegions = (
				en,
				Base,
			);
			mainGroup = A386B7361C4FA9B9009E6B38;
			productRefGroup = A386B7401C4FA9B9009E6B38 /* Products */;
			projectDirPath = "";
			projectRoot = "";
			targets = (
				A386B73E1C4FA9B9009E6B38 /* Imaginarium */,
				A386B7571C4FA9BA009E6B38 /* ImaginariumTests */,
			);
		};
/* End PBXProject section */

/* Begin PBXResourcesBuildPhase section */
		A386B73D1C4FA9B9009E6B38 /* Resources */ = {
			isa = PBXResourcesBuildPhase;
			buildActionMask = 2147483647;
			files = (
				A386B74E1C4FA9B9009E6B38 /* Main.storyboard in Resources */,
				A386B7531C4FA9B9009E6B38 /* LaunchScreen.xib in Resources */,
				A386B7501C4FA9B9009E6B38 /* Images.xcassets in Resources */,
			);
			runOnlyForDeploymentPostprocessing = 0;
		};
		A386B7561C4FA9BA009E6B38 /* Resources */ = {
			isa = PBXResourcesBuildPhase;
			buildActionMask = 2147483647;
			files = (
			);
			runOnlyForDeploymentPostprocessing = 0;
		};
/* End PBXResourcesBuildPhase section */

/* Begin PBXSourcesBuildPhase section */
		A386B73B1C4FA9B9009E6B38 /* Sources */ = {
			isa = PBXSourcesBuildPhase;
			buildActionMask = 2147483647;
			files = (
				A386B74B1C4FA9B9009E6B38 /* ViewController.m in Sources */,
				A386B7481C4FA9B9009E6B38 /* AppDelegate.m in Sources */,
				A386B76A1C4FAAC1009E6B38 /* ImageViewController.m in Sources */,
				A36398FB1C50A1C200F3DB95 /* pageViewController.m in Sources */,
				A386B7451C4FA9B9009E6B38 /* main.m in Sources */,
			);
			runOnlyForDeploymentPostprocessing = 0;
		};
		A386B7541C4FA9BA009E6B38 /* Sources */ = {
			isa = PBXSourcesBuildPhase;
			buildActionMask = 2147483647;
			files = (
				A386B75F1C4FA9BA009E6B38 /* ImaginariumTests.m in Sources */,
			);
			runOnlyForDeploymentPostprocessing = 0;
		};
/* End PBXSourcesBuildPhase section */

/* Begin PBXTargetDependency section */
		A386B75A1C4FA9BA009E6B38 /* PBXTargetDependency */ = {
			isa = PBXTargetDependency;
			target = A386B73E1C4FA9B9009E6B38 /* Imaginarium */;
			targetProxy = A386B7591C4FA9BA009E6B38 /* PBXContainerItemProxy */;
		};
/* End PBXTargetDependency section */

/* Begin PBXVariantGroup section */
		A386B74C1C4FA9B9009E6B38 /* Main.storyboard */ = {
			isa = PBXVariantGroup;
			children = (
				A386B74D1C4FA9B9009E6B38 /* Base */,
			);
			name = Main.storyboard;
			sourceTree = "<group>";
		};
		A386B7511C4FA9B9009E6B38 /* LaunchScreen.xib */ = {
			isa = PBXVariantGroup;
			children = (
				A386B7521C4FA9B9009E6B38 /* Base */,
			);
			name = LaunchScreen.xib;
			sourceTree = "<group>";
		};
/* End PBXVariantGroup section */

/* Begin XCBuildConfiguration section */
		A386B7601C4FA9BA009E6B38 /* Debug */ = {
			isa = XCBuildConfiguration;
			buildSettings = {
				ALWAYS_SEARCH_USER_PATHS = NO;
				CLANG_CXX_LANGUAGE_STANDARD = "gnu++0x";
				CLANG_CXX_LIBRARY = "libc++";
				CLANG_ENABLE_MODULES = YES;
				CLANG_ENABLE_OBJC_ARC = YES;
				CLANG_WARN_BOOL_CONVERSION = YES;
				CLANG_WARN_CONSTANT_CONVERSION = YES;
				CLANG_WARN_DIRECT_OBJC_ISA_USAGE = YES_ERROR;
				CLANG_WARN_EMPTY_BODY = YES;
				CLANG_WARN_ENUM_CONVERSION = YES;
				CLANG_WARN_INT_CONVERSION = YES;
				CLANG_WARN_OBJC_ROOT_CLASS = YES_ERROR;
				CLANG_WARN_UNREACHABLE_CODE = YES;
				CLANG_WARN__DUPLICATE_METHOD_MATCH = YES;
				"CODE_SIGN_IDENTITY[sdk=iphoneos*]" = "iPhone Developer";
				COPY_PHASE_STRIP = NO;
				DEBUG_INFORMATION_FORMAT = "dwarf-with-dsym";
				ENABLE_STRICT_OBJC_MSGSEND = YES;
				GCC_C_LANGUAGE_STANDARD = gnu99;
				GCC_DYNAMIC_NO_PIC = NO;
				GCC_NO_COMMON_BLOCKS = YES;
				GCC_OPTIMIZATION_LEVEL = 0;
				GCC_PREPROCESSOR_DEFINITIONS = (
					"DEBUG=1",
					"$(inherited)",
				);
				GCC_SYMBOLS_PRIVATE_EXTERN = NO;
				GCC_WARN_64_TO_32_BIT_CONVERSION = YES;
				GCC_WARN_ABOUT_RETURN_TYPE = YES_ERROR;
				GCC_WARN_UNDECLARED_SELECTOR = YES;
				GCC_WARN_UNINITIALIZED_AUTOS = YES_AGGRESSIVE;
				GCC_WARN_UNUSED_FUNCTION = YES;
				GCC_WARN_UNUSED_VARIABLE = YES;
				IPHONEOS_DEPLOYMENT_TARGET = 8.4;
				MTL_ENABLE_DEBUG_INFO = YES;
				ONLY_ACTIVE_ARCH = YES;
				SDKROOT = iphoneos;
				TARGETED_DEVICE_FAMILY = "1,2";
			};
			name = Debug;
		};
		A386B7611C4FA9BA009E6B38 /* Release */ = {
			isa = XCBuildConfiguration;
			buildSettings = {
				ALWAYS_SEARCH_USER_PATHS = NO;
				CLANG_CXX_LANGUAGE_STANDARD = "gnu++0x";
				CLANG_CXX_LIBRARY = "libc++";
				CLANG_ENABLE_MODULES = YES;
				CLANG_ENABLE_OBJC_ARC = YES;
				CLANG_WARN_BOOL_CONVERSION = YES;
				CLANG_WARN_CONSTANT_CONVERSION = YES;
				CLANG_WARN_DIRECT_OBJC_ISA_USAGE = YES_ERROR;
				CLANG_WARN_EMPTY_BODY = YES;
				CLANG_WARN_ENUM_CONVERSION = YES;
				CLANG_WARN_INT_CONVERSION = YES;
				CLANG_WARN_OBJC_ROOT_CLASS = YES_ERROR;
				CLANG_WARN_UNREACHABLE_CODE = YES;
				CLANG_WARN__DUPLICATE_METHOD_MATCH = YES;
				"CODE_SIGN_IDENTITY[sdk=iphoneos*]" = "iPhone Developer";
				COPY_PHASE_STRIP = NO;
				DEBUG_INFORMATION_FORMAT = "dwarf-with-dsym";
				ENABLE_NS_ASSERTIONS = NO;
				ENABLE_STRICT_OBJC_MSGSEND = YES;
				GCC_C_LANGUAGE_STANDARD = gnu99;
				GCC_NO_COMMON_BLOCKS = YES;
				GCC_WARN_64_TO_32_BIT_CONVERSION = YES;
				GCC_WARN_ABOUT_RETURN_TYPE = YES_ERROR;
				GCC_WARN_UNDECLARED_SELECTOR = YES;
				GCC_WARN_UNINITIALIZED_AUTOS = YES_AGGRESSIVE;
				GCC_WARN_UNUSED_FUNCTION = YES;
				GCC_WARN_UNUSED_VARIABLE = YES;
				IPHONEOS_DEPLOYMENT_TARGET = 8.4;
				MTL_ENABLE_DEBUG_INFO = NO;
				SDKROOT = iphoneos;
				TARGETED_DEVICE_FAMILY = "1,2";
				VALIDATE_PRODUCT = YES;
			};
			name = Release;
		};
		A386B7631C4FA9BA009E6B38 /* Debug */ = {
			isa = XCBuildConfiguration;
			buildSettings = {
				ASSETCATALOG_COMPILER_APPICON_NAME = AppIcon;
				INFOPLIST_FILE = Imaginarium/Info.plist;
				LD_RUNPATH_SEARCH_PATHS = "$(inherited) @executable_path/Frameworks";
				PRODUCT_NAME = "$(TARGET_NAME)";
			};
			name = Debug;
		};
		A386B7641C4FA9BA009E6B38 /* Release */ = {
			isa = XCBuildConfiguration;
			buildSettings = {
				ASSETCATALOG_COMPILER_APPICON_NAME = AppIcon;
				INFOPLIST_FILE = Imaginarium/Info.plist;
				LD_RUNPATH_SEARCH_PATHS = "$(inherited) @executable_path/Frameworks";
				PRODUCT_NAME = "$(TARGET_NAME)";
			};
			name = Release;
		};
		A386B7661C4FA9BA009E6B38 /* Debug */ = {
			isa = XCBuildConfiguration;
			buildSettings = {
				BUNDLE_LOADER = "$(TEST_HOST)";
				FRAMEWORK_SEARCH_PATHS = (
					"$(SDKROOT)/Developer/Library/Frameworks",
					"$(inherited)",
				);
				GCC_PREPROCESSOR_DEFINITIONS = (
					"DEBUG=1",
					"$(inherited)",
				);
				INFOPLIST_FILE = ImaginariumTests/Info.plist;
				LD_RUNPATH_SEARCH_PATHS = "$(inherited) @executable_path/Frameworks @loader_path/Frameworks";
				PRODUCT_NAME = "$(TARGET_NAME)";
				TEST_HOST = "$(BUILT_PRODUCTS_DIR)/Imaginarium.app/Imaginarium";
			};
			name = Debug;
		};
		A386B7671C4FA9BA009E6B38 /* Release */ = {
			isa = XCBuildConfiguration;
			buildSettings = {
				BUNDLE_LOADER = "$(TEST_HOST)";
				FRAMEWORK_SEARCH_PATHS = (
					"$(SDKROOT)/Developer/Library/Frameworks",
					"$(inherited)",
				);
				INFOPLIST_FILE = ImaginariumTests/Info.plist;
				LD_RUNPATH_SEARCH_PATHS = "$(inherited) @executable_path/Frameworks @loader_path/Frameworks";
				PRODUCT_NAME = "$(TARGET_NAME)";
				TEST_HOST = "$(BUILT_PRODUCTS_DIR)/Imaginarium.app/Imaginarium";
			};
			name = Release;
		};
/* End XCBuildConfiguration section */

/* Begin XCConfigurationList section */
		A386B73A1C4FA9B9009E6B38 /* Build configuration list for PBXProject "Imaginarium" */ = {
			isa = XCConfigurationList;
			buildConfigurations = (
				A386B7601C4FA9BA009E6B38 /* Debug */,
				A386B7611C4FA9BA009E6B38 /* Release */,
			);
			defaultConfigurationIsVisible = 0;
			defaultConfigurationName = Release;
		};
		A386B7621C4FA9BA009E6B38 /* Build configuration list for PBXNativeTarget "Imaginarium" */ = {
			isa = XCConfigurationList;
			buildConfigurations = (
				A386B7631C4FA9BA009E6B38 /* Debug */,
				A386B7641C4FA9BA009E6B38 /* Release */,
			);
			defaultConfigurationIsVisible = 0;
			defaultConfigurationName = Release;
		};
		A386B7651C4FA9BA009E6B38 /* Build configuration list for PBXNativeTarget "ImaginariumTests" */ = {
			isa = XCConfigurationList;
			buildConfigurations = (
				A386B7661C4FA9BA009E6B38 /* Debug */,
				A386B7671C4FA9BA009E6B38 /* Release */,
			);
			defaultConfigurationIsVisible = 0;
			defaultConfigurationName = Release;
		};
/* End XCConfigurationList section */
	};
	rootObject = A386B7371C4FA9B9009E6B38 /* Project object */;
}
