// !$*UTF8*$!
{
	archiveVersion = 1;
	classes = {
	};
	objectVersion = 46;
	objects = {

/* Begin PBXBuildFile section */
		A3F085A61C411111009E67A4 /* main.m in Sources */ = {isa = PBXBuildFile; fileRef = A3F085A51C411111009E67A4 /* main.m */; };
		A3F085A91C411111009E67A4 /* AppDelegate.m in Sources */ = {isa = PBXBuildFile; fileRef = A3F085A81C411111009E67A4 /* AppDelegate.m */; };
		A3F085AC1C411111009E67A4 /* ViewController.m in Sources */ = {isa = PBXBuildFile; fileRef = A3F085AB1C411111009E67A4 /* ViewController.m */; };
		A3F085AF1C411111009E67A4 /* Main.storyboard in Resources */ = {isa = PBXBuildFile; fileRef = A3F085AD1C411111009E67A4 /* Main.storyboard */; };
		A3F085B11C411111009E67A4 /* Images.xcassets in Resources */ = {isa = PBXBuildFile; fileRef = A3F085B01C411111009E67A4 /* Images.xcassets */; };
		A3F085B41C411111009E67A4 /* LaunchScreen.xib in Resources */ = {isa = PBXBuildFile; fileRef = A3F085B21C411111009E67A4 /* LaunchScreen.xib */; };
		A3F085C01C411111009E67A4 /* DynamicTableViewDemo1Tests.m in Sources */ = {isa = PBXBuildFile; fileRef = A3F085BF1C411111009E67A4 /* DynamicTableViewDemo1Tests.m */; };
		A3F085CB1C41118D009E67A4 /* UserTableViewController.m in Sources */ = {isa = PBXBuildFile; fileRef = A3F085CA1C41118D009E67A4 /* UserTableViewController.m */; };
		A3F085CE1C4111E1009E67A4 /* UserTableViewCell.m in Sources */ = {isa = PBXBuildFile; fileRef = A3F085CD1C4111E1009E67A4 /* UserTableViewCell.m */; };
		A3F085D01C41185C009E67A4 /* person.jpeg in Resources */ = {isa = PBXBuildFile; fileRef = A3F085CF1C41185C009E67A4 /* person.jpeg */; };
/* End PBXBuildFile section */

/* Begin PBXContainerItemProxy section */
		A3F085BA1C411111009E67A4 /* PBXContainerItemProxy */ = {
			isa = PBXContainerItemProxy;
			containerPortal = A3F085981C411111009E67A4 /* Project object */;
			proxyType = 1;
			remoteGlobalIDString = A3F0859F1C411111009E67A4;
			remoteInfo = DynamicTableViewDemo1;
		};
/* End PBXContainerItemProxy section */

/* Begin PBXFileReference section */
		A3F085A01C411111009E67A4 /* DynamicTableViewDemo1.app */ = {isa = PBXFileReference; explicitFileType = wrapper.application; includeInIndex = 0; path = DynamicTableViewDemo1.app; sourceTree = BUILT_PRODUCTS_DIR; };
		A3F085A41C411111009E67A4 /* Info.plist */ = {isa = PBXFileReference; lastKnownFileType = text.plist.xml; path = Info.plist; sourceTree = "<group>"; };
		A3F085A51C411111009E67A4 /* main.m */ = {isa = PBXFileReference; lastKnownFileType = sourcecode.c.objc; path = main.m; sourceTree = "<group>"; };
		A3F085A71C411111009E67A4 /* AppDelegate.h */ = {isa = PBXFileReference; lastKnownFileType = sourcecode.c.h; path = AppDelegate.h; sourceTree = "<group>"; };
		A3F085A81C411111009E67A4 /* AppDelegate.m */ = {isa = PBXFileReference; lastKnownFileType = sourcecode.c.objc; path = AppDelegate.m; sourceTree = "<group>"; };
		A3F085AA1C411111009E67A4 /* ViewController.h */ = {isa = PBXFileReference; lastKnownFileType = sourcecode.c.h; path = ViewController.h; sourceTree = "<group>"; };
		A3F085AB1C411111009E67A4 /* ViewController.m */ = {isa = PBXFileReference; lastKnownFileType = sourcecode.c.objc; path = ViewController.m; sourceTree = "<group>"; };
		A3F085AE1C411111009E67A4 /* Base */ = {isa = PBXFileReference; lastKnownFileType = file.storyboard; name = Base; path = Base.lproj/Main.storyboard; sourceTree = "<group>"; };
		A3F085B01C411111009E67A4 /* Images.xcassets */ = {isa = PBXFileReference; lastKnownFileType = folder.assetcatalog; path = Images.xcassets; sourceTree = "<group>"; };
		A3F085B31C411111009E67A4 /* Base */ = {isa = PBXFileReference; lastKnownFileType = file.xib; name = Base; path = Base.lproj/LaunchScreen.xib; sourceTree = "<group>"; };
		A3F085B91C411111009E67A4 /* DynamicTableViewDemo1Tests.xctest */ = {isa = PBXFileReference; explicitFileType = wrapper.cfbundle; includeInIndex = 0; path = DynamicTableViewDemo1Tests.xctest; sourceTree = BUILT_PRODUCTS_DIR; };
		A3F085BE1C411111009E67A4 /* Info.plist */ = {isa = PBXFileReference; lastKnownFileType = text.plist.xml; path = Info.plist; sourceTree = "<group>"; };
		A3F085BF1C411111009E67A4 /* DynamicTableViewDemo1Tests.m */ = {isa = PBXFileReference; lastKnownFileType = sourcecode.c.objc; path = DynamicTableViewDemo1Tests.m; sourceTree = "<group>"; };
		A3F085C91C41118D009E67A4 /* UserTableViewController.h */ = {isa = PBXFileReference; fileEncoding = 4; lastKnownFileType = sourcecode.c.h; path = UserTableViewController.h; sourceTree = "<group>"; };
		A3F085CA1C41118D009E67A4 /* UserTableViewController.m */ = {isa = PBXFileReference; fileEncoding = 4; lastKnownFileType = sourcecode.c.objc; path = UserTableViewController.m; sourceTree = "<group>"; };
		A3F085CC1C4111E1009E67A4 /* UserTableViewCell.h */ = {isa = PBXFileReference; fileEncoding = 4; lastKnownFileType = sourcecode.c.h; path = UserTableViewCell.h; sourceTree = "<group>"; };
		A3F085CD1C4111E1009E67A4 /* UserTableViewCell.m */ = {isa = PBXFileReference; fileEncoding = 4; lastKnownFileType = sourcecode.c.objc; path = UserTableViewCell.m; sourceTree = "<group>"; };
		A3F085CF1C41185C009E67A4 /* person.jpeg */ = {isa = PBXFileReference; lastKnownFileType = image.jpeg; path = person.jpeg; sourceTree = "<group>"; };
/* End PBXFileReference section */

/* Begin PBXFrameworksBuildPhase section */
		A3F0859D1C411111009E67A4 /* Frameworks */ = {
			isa = PBXFrameworksBuildPhase;
			buildActionMask = 2147483647;
			files = (
			);
			runOnlyForDeploymentPostprocessing = 0;
		};
		A3F085B61C411111009E67A4 /* Frameworks */ = {
			isa = PBXFrameworksBuildPhase;
			buildActionMask = 2147483647;
			files = (
			);
			runOnlyForDeploymentPostprocessing = 0;
		};
/* End PBXFrameworksBuildPhase section */

/* Begin PBXGroup section */
		A3F085971C411111009E67A4 = {
			isa = PBXGroup;
			children = (
				A3F085A21C411111009E67A4 /* DynamicTableViewDemo1 */,
				A3F085BC1C411111009E67A4 /* DynamicTableViewDemo1Tests */,
				A3F085A11C411111009E67A4 /* Products */,
			);
			sourceTree = "<group>";
		};
		A3F085A11C411111009E67A4 /* Products */ = {
			isa = PBXGroup;
			children = (
				A3F085A01C411111009E67A4 /* DynamicTableViewDemo1.app */,
				A3F085B91C411111009E67A4 /* DynamicTableViewDemo1Tests.xctest */,
			);
			name = Products;
			sourceTree = "<group>";
		};
		A3F085A21C411111009E67A4 /* DynamicTableViewDemo1 */ = {
			isa = PBXGroup;
			children = (
				A3F085A71C411111009E67A4 /* AppDelegate.h */,
				A3F085A81C411111009E67A4 /* AppDelegate.m */,
				A3F085AA1C411111009E67A4 /* ViewController.h */,
				A3F085AB1C411111009E67A4 /* ViewController.m */,
				A3F085AD1C411111009E67A4 /* Main.storyboard */,
				A3F085C91C41118D009E67A4 /* UserTableViewController.h */,
				A3F085CC1C4111E1009E67A4 /* UserTableViewCell.h */,
				A3F085CD1C4111E1009E67A4 /* UserTableViewCell.m */,
				A3F085CA1C41118D009E67A4 /* UserTableViewController.m */,
				A3F085B01C411111009E67A4 /* Images.xcassets */,
				A3F085B21C411111009E67A4 /* LaunchScreen.xib */,
				A3F085A31C411111009E67A4 /* Supporting Files */,
			);
			path = DynamicTableViewDemo1;
			sourceTree = "<group>";
		};
		A3F085A31C411111009E67A4 /* Supporting Files */ = {
			isa = PBXGroup;
			children = (
				A3F085CF1C41185C009E67A4 /* person.jpeg */,
				A3F085A41C411111009E67A4 /* Info.plist */,
				A3F085A51C411111009E67A4 /* main.m */,
			);
			name = "Supporting Files";
			sourceTree = "<group>";
		};
		A3F085BC1C411111009E67A4 /* DynamicTableViewDemo1Tests */ = {
			isa = PBXGroup;
			children = (
				A3F085BF1C411111009E67A4 /* DynamicTableViewDemo1Tests.m */,
				A3F085BD1C411111009E67A4 /* Supporting Files */,
			);
			path = DynamicTableViewDemo1Tests;
			sourceTree = "<group>";
		};
		A3F085BD1C411111009E67A4 /* Supporting Files */ = {
			isa = PBXGroup;
			children = (
				A3F085BE1C411111009E67A4 /* Info.plist */,
			);
			name = "Supporting Files";
			sourceTree = "<group>";
		};
/* End PBXGroup section */

/* Begin PBXNativeTarget section */
		A3F0859F1C411111009E67A4 /* DynamicTableViewDemo1 */ = {
			isa = PBXNativeTarget;
			buildConfigurationList = A3F085C31C411111009E67A4 /* Build configuration list for PBXNativeTarget "DynamicTableViewDemo1" */;
			buildPhases = (
				A3F0859C1C411111009E67A4 /* Sources */,
				A3F0859D1C411111009E67A4 /* Frameworks */,
				A3F0859E1C411111009E67A4 /* Resources */,
			);
			buildRules = (
			);
			dependencies = (
			);
			name = DynamicTableViewDemo1;
			productName = DynamicTableViewDemo1;
			productReference = A3F085A01C411111009E67A4 /* DynamicTableViewDemo1.app */;
			productType = "com.apple.product-type.application";
		};
		A3F085B81C411111009E67A4 /* DynamicTableViewDemo1Tests */ = {
			isa = PBXNativeTarget;
			buildConfigurationList = A3F085C61C411111009E67A4 /* Build configuration list for PBXNativeTarget "DynamicTableViewDemo1Tests" */;
			buildPhases = (
				A3F085B51C411111009E67A4 /* Sources */,
				A3F085B61C411111009E67A4 /* Frameworks */,
				A3F085B71C411111009E67A4 /* Resources */,
			);
			buildRules = (
			);
			dependencies = (
				A3F085BB1C411111009E67A4 /* PBXTargetDependency */,
			);
			name = DynamicTableViewDemo1Tests;
			productName = DynamicTableViewDemo1Tests;
			productReference = A3F085B91C411111009E67A4 /* DynamicTableViewDemo1Tests.xctest */;
			productType = "com.apple.product-type.bundle.unit-test";
		};
/* End PBXNativeTarget section */

/* Begin PBXProject section */
		A3F085981C411111009E67A4 /* Project object */ = {
			isa = PBXProject;
			attributes = {
				LastUpgradeCheck = 0640;
				ORGANIZATIONNAME = "Dhaval Barot";
				TargetAttributes = {
					A3F0859F1C411111009E67A4 = {
						CreatedOnToolsVersion = 6.4;
					};
					A3F085B81C411111009E67A4 = {
						CreatedOnToolsVersion = 6.4;
						TestTargetID = A3F0859F1C411111009E67A4;
					};
				};
			};
			buildConfigurationList = A3F0859B1C411111009E67A4 /* Build configuration list for PBXProject "DynamicTableViewDemo1" */;
			compatibilityVersion = "Xcode 3.2";
			developmentRegion = English;
			hasScannedForEncodings = 0;
			knownRegions = (
				en,
				Base,
			);
			mainGroup = A3F085971C411111009E67A4;
			productRefGroup = A3F085A11C411111009E67A4 /* Products */;
			projectDirPath = "";
			projectRoot = "";
			targets = (
				A3F0859F1C411111009E67A4 /* DynamicTableViewDemo1 */,
				A3F085B81C411111009E67A4 /* DynamicTableViewDemo1Tests */,
			);
		};
/* End PBXProject section */

/* Begin PBXResourcesBuildPhase section */
		A3F0859E1C411111009E67A4 /* Resources */ = {
			isa = PBXResourcesBuildPhase;
			buildActionMask = 2147483647;
			files = (
				A3F085AF1C411111009E67A4 /* Main.storyboard in Resources */,
				A3F085B41C411111009E67A4 /* LaunchScreen.xib in Resources */,
				A3F085D01C41185C009E67A4 /* person.jpeg in Resources */,
				A3F085B11C411111009E67A4 /* Images.xcassets in Resources */,
			);
			runOnlyForDeploymentPostprocessing = 0;
		};
		A3F085B71C411111009E67A4 /* Resources */ = {
			isa = PBXResourcesBuildPhase;
			buildActionMask = 2147483647;
			files = (
			);
			runOnlyForDeploymentPostprocessing = 0;
		};
/* End PBXResourcesBuildPhase section */

/* Begin PBXSourcesBuildPhase section */
		A3F0859C1C411111009E67A4 /* Sources */ = {
			isa = PBXSourcesBuildPhase;
			buildActionMask = 2147483647;
			files = (
				A3F085AC1C411111009E67A4 /* ViewController.m in Sources */,
				A3F085A91C411111009E67A4 /* AppDelegate.m in Sources */,
				A3F085CE1C4111E1009E67A4 /* UserTableViewCell.m in Sources */,
				A3F085CB1C41118D009E67A4 /* UserTableViewController.m in Sources */,
				A3F085A61C411111009E67A4 /* main.m in Sources */,
			);
			runOnlyForDeploymentPostprocessing = 0;
		};
		A3F085B51C411111009E67A4 /* Sources */ = {
			isa = PBXSourcesBuildPhase;
			buildActionMask = 2147483647;
			files = (
				A3F085C01C411111009E67A4 /* DynamicTableViewDemo1Tests.m in Sources */,
			);
			runOnlyForDeploymentPostprocessing = 0;
		};
/* End PBXSourcesBuildPhase section */

/* Begin PBXTargetDependency section */
		A3F085BB1C411111009E67A4 /* PBXTargetDependency */ = {
			isa = PBXTargetDependency;
			target = A3F0859F1C411111009E67A4 /* DynamicTableViewDemo1 */;
			targetProxy = A3F085BA1C411111009E67A4 /* PBXContainerItemProxy */;
		};
/* End PBXTargetDependency section */

/* Begin PBXVariantGroup section */
		A3F085AD1C411111009E67A4 /* Main.storyboard */ = {
			isa = PBXVariantGroup;
			children = (
				A3F085AE1C411111009E67A4 /* Base */,
			);
			name = Main.storyboard;
			sourceTree = "<group>";
		};
		A3F085B21C411111009E67A4 /* LaunchScreen.xib */ = {
			isa = PBXVariantGroup;
			children = (
				A3F085B31C411111009E67A4 /* Base */,
			);
			name = LaunchScreen.xib;
			sourceTree = "<group>";
		};
/* End PBXVariantGroup section */

/* Begin XCBuildConfiguration section */
		A3F085C11C411111009E67A4 /* Debug */ = {
			isa = XCBuildConfiguration;
			buildSettings = {
				ALWAYS_SEARCH_USER_PATHS = NO;
				CLANG_CXX_LANGUAGE_STANDARD = "gnu++0x";
				CLANG_CXX_LIBRARY = "libc++";
				CLANG_ENABLE_MODULES = YES;
				CLANG_ENABLE_OBJC_ARC = YES;
				CLANG_WARN_BOOL_CONVERSION = YES;
				CLANG_WARN_CONSTANT_CONVERSION = YES;
				CLANG_WARN_DIRECT_OBJC_ISA_USAGE = YES_ERROR;
				CLANG_WARN_EMPTY_BODY = YES;
				CLANG_WARN_ENUM_CONVERSION = YES;
				CLANG_WARN_INT_CONVERSION = YES;
				CLANG_WARN_OBJC_ROOT_CLASS = YES_ERROR;
				CLANG_WARN_UNREACHABLE_CODE = YES;
				CLANG_WARN__DUPLICATE_METHOD_MATCH = YES;
				"CODE_SIGN_IDENTITY[sdk=iphoneos*]" = "iPhone Developer";
				COPY_PHASE_STRIP = NO;
				DEBUG_INFORMATION_FORMAT = "dwarf-with-dsym";
				ENABLE_STRICT_OBJC_MSGSEND = YES;
				GCC_C_LANGUAGE_STANDARD = gnu99;
				GCC_DYNAMIC_NO_PIC = NO;
				GCC_NO_COMMON_BLOCKS = YES;
				GCC_OPTIMIZATION_LEVEL = 0;
				GCC_PREPROCESSOR_DEFINITIONS = (
					"DEBUG=1",
					"$(inherited)",
				);
				GCC_SYMBOLS_PRIVATE_EXTERN = NO;
				GCC_WARN_64_TO_32_BIT_CONVERSION = YES;
				GCC_WARN_ABOUT_RETURN_TYPE = YES_ERROR;
				GCC_WARN_UNDECLARED_SELECTOR = YES;
				GCC_WARN_UNINITIALIZED_AUTOS = YES_AGGRESSIVE;
				GCC_WARN_UNUSED_FUNCTION = YES;
				GCC_WARN_UNUSED_VARIABLE = YES;
				IPHONEOS_DEPLOYMENT_TARGET = 8.4;
				MTL_ENABLE_DEBUG_INFO = YES;
				ONLY_ACTIVE_ARCH = YES;
				SDKROOT = iphoneos;
				TARGETED_DEVICE_FAMILY = "1,2";
			};
			name = Debug;
		};
		A3F085C21C411111009E67A4 /* Release */ = {
			isa = XCBuildConfiguration;
			buildSettings = {
				ALWAYS_SEARCH_USER_PATHS = NO;
				CLANG_CXX_LANGUAGE_STANDARD = "gnu++0x";
				CLANG_CXX_LIBRARY = "libc++";
				CLANG_ENABLE_MODULES = YES;
				CLANG_ENABLE_OBJC_ARC = YES;
				CLANG_WARN_BOOL_CONVERSION = YES;
				CLANG_WARN_CONSTANT_CONVERSION = YES;
				CLANG_WARN_DIRECT_OBJC_ISA_USAGE = YES_ERROR;
				CLANG_WARN_EMPTY_BODY = YES;
				CLANG_WARN_ENUM_CONVERSION = YES;
				CLANG_WARN_INT_CONVERSION = YES;
				CLANG_WARN_OBJC_ROOT_CLASS = YES_ERROR;
				CLANG_WARN_UNREACHABLE_CODE = YES;
				CLANG_WARN__DUPLICATE_METHOD_MATCH = YES;
				"CODE_SIGN_IDENTITY[sdk=iphoneos*]" = "iPhone Developer";
				COPY_PHASE_STRIP = NO;
				DEBUG_INFORMATION_FORMAT = "dwarf-with-dsym";
				ENABLE_NS_ASSERTIONS = NO;
				ENABLE_STRICT_OBJC_MSGSEND = YES;
				GCC_C_LANGUAGE_STANDARD = gnu99;
				GCC_NO_COMMON_BLOCKS = YES;
				GCC_WARN_64_TO_32_BIT_CONVERSION = YES;
				GCC_WARN_ABOUT_RETURN_TYPE = YES_ERROR;
				GCC_WARN_UNDECLARED_SELECTOR = YES;
				GCC_WARN_UNINITIALIZED_AUTOS = YES_AGGRESSIVE;
				GCC_WARN_UNUSED_FUNCTION = YES;
				GCC_WARN_UNUSED_VARIABLE = YES;
				IPHONEOS_DEPLOYMENT_TARGET = 8.4;
				MTL_ENABLE_DEBUG_INFO = NO;
				SDKROOT = iphoneos;
				TARGETED_DEVICE_FAMILY = "1,2";
				VALIDATE_PRODUCT = YES;
			};
			name = Release;
		};
		A3F085C41C411111009E67A4 /* Debug */ = {
			isa = XCBuildConfiguration;
			buildSettings = {
				ASSETCATALOG_COMPILER_APPICON_NAME = AppIcon;
				INFOPLIST_FILE = DynamicTableViewDemo1/Info.plist;
				LD_RUNPATH_SEARCH_PATHS = "$(inherited) @executable_path/Frameworks";
				PRODUCT_NAME = "$(TARGET_NAME)";
			};
			name = Debug;
		};
		A3F085C51C411111009E67A4 /* Release */ = {
			isa = XCBuildConfiguration;
			buildSettings = {
				ASSETCATALOG_COMPILER_APPICON_NAME = AppIcon;
				INFOPLIST_FILE = DynamicTableViewDemo1/Info.plist;
				LD_RUNPATH_SEARCH_PATHS = "$(inherited) @executable_path/Frameworks";
				PRODUCT_NAME = "$(TARGET_NAME)";
			};
			name = Release;
		};
		A3F085C71C411111009E67A4 /* Debug */ = {
			isa = XCBuildConfiguration;
			buildSettings = {
				BUNDLE_LOADER = "$(TEST_HOST)";
				FRAMEWORK_SEARCH_PATHS = (
					"$(SDKROOT)/Developer/Library/Frameworks",
					"$(inherited)",
				);
				GCC_PREPROCESSOR_DEFINITIONS = (
					"DEBUG=1",
					"$(inherited)",
				);
				INFOPLIST_FILE = DynamicTableViewDemo1Tests/Info.plist;
				LD_RUNPATH_SEARCH_PATHS = "$(inherited) @executable_path/Frameworks @loader_path/Frameworks";
				PRODUCT_NAME = "$(TARGET_NAME)";
				TEST_HOST = "$(BUILT_PRODUCTS_DIR)/DynamicTableViewDemo1.app/DynamicTableViewDemo1";
			};
			name = Debug;
		};
		A3F085C81C411111009E67A4 /* Release */ = {
			isa = XCBuildConfiguration;
			buildSettings = {
				BUNDLE_LOADER = "$(TEST_HOST)";
				FRAMEWORK_SEARCH_PATHS = (
					"$(SDKROOT)/Developer/Library/Frameworks",
					"$(inherited)",
				);
				INFOPLIST_FILE = DynamicTableViewDemo1Tests/Info.plist;
				LD_RUNPATH_SEARCH_PATHS = "$(inherited) @executable_path/Frameworks @loader_path/Frameworks";
				PRODUCT_NAME = "$(TARGET_NAME)";
				TEST_HOST = "$(BUILT_PRODUCTS_DIR)/DynamicTableViewDemo1.app/DynamicTableViewDemo1";
			};
			name = Release;
		};
/* End XCBuildConfiguration section */

/* Begin XCConfigurationList section */
		A3F0859B1C411111009E67A4 /* Build configuration list for PBXProject "DynamicTableViewDemo1" */ = {
			isa = XCConfigurationList;
			buildConfigurations = (
				A3F085C11C411111009E67A4 /* Debug */,
				A3F085C21C411111009E67A4 /* Release */,
			);
			defaultConfigurationIsVisible = 0;
			defaultConfigurationName = Release;
		};
		A3F085C31C411111009E67A4 /* Build configuration list for PBXNativeTarget "DynamicTableViewDemo1" */ = {
			isa = XCConfigurationList;
			buildConfigurations = (
				A3F085C41C411111009E67A4 /* Debug */,
				A3F085C51C411111009E67A4 /* Release */,
			);
			defaultConfigurationIsVisible = 0;
		};
		A3F085C61C411111009E67A4 /* Build configuration list for PBXNativeTarget "DynamicTableViewDemo1Tests" */ = {
			isa = XCConfigurationList;
			buildConfigurations = (
				A3F085C71C411111009E67A4 /* Debug */,
				A3F085C81C411111009E67A4 /* Release */,
			);
			defaultConfigurationIsVisible = 0;
		};
/* End XCConfigurationList section */
	};
	rootObject = A3F085981C411111009E67A4 /* Project object */;
}
