// !$*UTF8*$!
{
	archiveVersion = 1;
	classes = {
	};
	objectVersion = 46;
	objects = {

/* Begin PBXBuildFile section */
		A34756891C43AA1400D8B7B7 /* main.m in Sources */ = {isa = PBXBuildFile; fileRef = A34756881C43AA1400D8B7B7 /* main.m */; };
		A347568C1C43AA1400D8B7B7 /* AppDelegate.m in Sources */ = {isa = PBXBuildFile; fileRef = A347568B1C43AA1400D8B7B7 /* AppDelegate.m */; };
		A347568F1C43AA1400D8B7B7 /* ViewController.m in Sources */ = {isa = PBXBuildFile; fileRef = A347568E1C43AA1400D8B7B7 /* ViewController.m */; };
		A34756921C43AA1400D8B7B7 /* Main.storyboard in Resources */ = {isa = PBXBuildFile; fileRef = A34756901C43AA1400D8B7B7 /* Main.storyboard */; };
		A34756941C43AA1400D8B7B7 /* Images.xcassets in Resources */ = {isa = PBXBuildFile; fileRef = A34756931C43AA1400D8B7B7 /* Images.xcassets */; };
		A34756971C43AA1400D8B7B7 /* LaunchScreen.xib in Resources */ = {isa = PBXBuildFile; fileRef = A34756951C43AA1400D8B7B7 /* LaunchScreen.xib */; };
		A34756A31C43AA1400D8B7B7 /* RegistrationTests.m in Sources */ = {isa = PBXBuildFile; fileRef = A34756A21C43AA1400D8B7B7 /* RegistrationTests.m */; };
		A34756AE1C43B90200D8B7B7 /* UserDetailsViewController.m in Sources */ = {isa = PBXBuildFile; fileRef = A34756AD1C43B90200D8B7B7 /* UserDetailsViewController.m */; };
/* End PBXBuildFile section */

/* Begin PBXContainerItemProxy section */
		A347569D1C43AA1400D8B7B7 /* PBXContainerItemProxy */ = {
			isa = PBXContainerItemProxy;
			containerPortal = A347567B1C43AA1400D8B7B7 /* Project object */;
			proxyType = 1;
			remoteGlobalIDString = A34756821C43AA1400D8B7B7;
			remoteInfo = Registration;
		};
/* End PBXContainerItemProxy section */

/* Begin PBXFileReference section */
		A34756831C43AA1400D8B7B7 /* Registration.app */ = {isa = PBXFileReference; explicitFileType = wrapper.application; includeInIndex = 0; path = Registration.app; sourceTree = BUILT_PRODUCTS_DIR; };
		A34756871C43AA1400D8B7B7 /* Info.plist */ = {isa = PBXFileReference; lastKnownFileType = text.plist.xml; path = Info.plist; sourceTree = "<group>"; };
		A34756881C43AA1400D8B7B7 /* main.m */ = {isa = PBXFileReference; lastKnownFileType = sourcecode.c.objc; path = main.m; sourceTree = "<group>"; };
		A347568A1C43AA1400D8B7B7 /* AppDelegate.h */ = {isa = PBXFileReference; lastKnownFileType = sourcecode.c.h; path = AppDelegate.h; sourceTree = "<group>"; };
		A347568B1C43AA1400D8B7B7 /* AppDelegate.m */ = {isa = PBXFileReference; lastKnownFileType = sourcecode.c.objc; path = AppDelegate.m; sourceTree = "<group>"; };
		A347568D1C43AA1400D8B7B7 /* ViewController.h */ = {isa = PBXFileReference; lastKnownFileType = sourcecode.c.h; path = ViewController.h; sourceTree = "<group>"; };
		A347568E1C43AA1400D8B7B7 /* ViewController.m */ = {isa = PBXFileReference; lastKnownFileType = sourcecode.c.objc; path = ViewController.m; sourceTree = "<group>"; };
		A34756911C43AA1400D8B7B7 /* Base */ = {isa = PBXFileReference; lastKnownFileType = file.storyboard; name = Base; path = Base.lproj/Main.storyboard; sourceTree = "<group>"; };
		A34756931C43AA1400D8B7B7 /* Images.xcassets */ = {isa = PBXFileReference; lastKnownFileType = folder.assetcatalog; path = Images.xcassets; sourceTree = "<group>"; };
		A34756961C43AA1400D8B7B7 /* Base */ = {isa = PBXFileReference; lastKnownFileType = file.xib; name = Base; path = Base.lproj/LaunchScreen.xib; sourceTree = "<group>"; };
		A347569C1C43AA1400D8B7B7 /* RegistrationTests.xctest */ = {isa = PBXFileReference; explicitFileType = wrapper.cfbundle; includeInIndex = 0; path = RegistrationTests.xctest; sourceTree = BUILT_PRODUCTS_DIR; };
		A34756A11C43AA1400D8B7B7 /* Info.plist */ = {isa = PBXFileReference; lastKnownFileType = text.plist.xml; path = Info.plist; sourceTree = "<group>"; };
		A34756A21C43AA1400D8B7B7 /* RegistrationTests.m */ = {isa = PBXFileReference; lastKnownFileType = sourcecode.c.objc; path = RegistrationTests.m; sourceTree = "<group>"; };
		A34756AC1C43B90200D8B7B7 /* UserDetailsViewController.h */ = {isa = PBXFileReference; fileEncoding = 4; lastKnownFileType = sourcecode.c.h; path = UserDetailsViewController.h; sourceTree = "<group>"; };
		A34756AD1C43B90200D8B7B7 /* UserDetailsViewController.m */ = {isa = PBXFileReference; fileEncoding = 4; lastKnownFileType = sourcecode.c.objc; path = UserDetailsViewController.m; sourceTree = "<group>"; };
/* End PBXFileReference section */

/* Begin PBXFrameworksBuildPhase section */
		A34756801C43AA1400D8B7B7 /* Frameworks */ = {
			isa = PBXFrameworksBuildPhase;
			buildActionMask = 2147483647;
			files = (
			);
			runOnlyForDeploymentPostprocessing = 0;
		};
		A34756991C43AA1400D8B7B7 /* Frameworks */ = {
			isa = PBXFrameworksBuildPhase;
			buildActionMask = 2147483647;
			files = (
			);
			runOnlyForDeploymentPostprocessing = 0;
		};
/* End PBXFrameworksBuildPhase section */

/* Begin PBXGroup section */
		A347567A1C43AA1400D8B7B7 = {
			isa = PBXGroup;
			children = (
				A34756851C43AA1400D8B7B7 /* Registration */,
				A347569F1C43AA1400D8B7B7 /* RegistrationTests */,
				A34756841C43AA1400D8B7B7 /* Products */,
			);
			sourceTree = "<group>";
		};
		A34756841C43AA1400D8B7B7 /* Products */ = {
			isa = PBXGroup;
			children = (
				A34756831C43AA1400D8B7B7 /* Registration.app */,
				A347569C1C43AA1400D8B7B7 /* RegistrationTests.xctest */,
			);
			name = Products;
			sourceTree = "<group>";
		};
		A34756851C43AA1400D8B7B7 /* Registration */ = {
			isa = PBXGroup;
			children = (
				A347568A1C43AA1400D8B7B7 /* AppDelegate.h */,
				A347568B1C43AA1400D8B7B7 /* AppDelegate.m */,
				A347568D1C43AA1400D8B7B7 /* ViewController.h */,
				A347568E1C43AA1400D8B7B7 /* ViewController.m */,
				A34756901C43AA1400D8B7B7 /* Main.storyboard */,
				A34756931C43AA1400D8B7B7 /* Images.xcassets */,
				A34756951C43AA1400D8B7B7 /* LaunchScreen.xib */,
				A34756861C43AA1400D8B7B7 /* Supporting Files */,
				A34756AC1C43B90200D8B7B7 /* UserDetailsViewController.h */,
				A34756AD1C43B90200D8B7B7 /* UserDetailsViewController.m */,
			);
			path = Registration;
			sourceTree = "<group>";
		};
		A34756861C43AA1400D8B7B7 /* Supporting Files */ = {
			isa = PBXGroup;
			children = (
				A34756871C43AA1400D8B7B7 /* Info.plist */,
				A34756881C43AA1400D8B7B7 /* main.m */,
			);
			name = "Supporting Files";
			sourceTree = "<group>";
		};
		A347569F1C43AA1400D8B7B7 /* RegistrationTests */ = {
			isa = PBXGroup;
			children = (
				A34756A21C43AA1400D8B7B7 /* RegistrationTests.m */,
				A34756A01C43AA1400D8B7B7 /* Supporting Files */,
			);
			path = RegistrationTests;
			sourceTree = "<group>";
		};
		A34756A01C43AA1400D8B7B7 /* Supporting Files */ = {
			isa = PBXGroup;
			children = (
				A34756A11C43AA1400D8B7B7 /* Info.plist */,
			);
			name = "Supporting Files";
			sourceTree = "<group>";
		};
/* End PBXGroup section */

/* Begin PBXNativeTarget section */
		A34756821C43AA1400D8B7B7 /* Registration */ = {
			isa = PBXNativeTarget;
			buildConfigurationList = A34756A61C43AA1400D8B7B7 /* Build configuration list for PBXNativeTarget "Registration" */;
			buildPhases = (
				A347567F1C43AA1400D8B7B7 /* Sources */,
				A34756801C43AA1400D8B7B7 /* Frameworks */,
				A34756811C43AA1400D8B7B7 /* Resources */,
			);
			buildRules = (
			);
			dependencies = (
			);
			name = Registration;
			productName = Registration;
			productReference = A34756831C43AA1400D8B7B7 /* Registration.app */;
			productType = "com.apple.product-type.application";
		};
		A347569B1C43AA1400D8B7B7 /* RegistrationTests */ = {
			isa = PBXNativeTarget;
			buildConfigurationList = A34756A91C43AA1400D8B7B7 /* Build configuration list for PBXNativeTarget "RegistrationTests" */;
			buildPhases = (
				A34756981C43AA1400D8B7B7 /* Sources */,
				A34756991C43AA1400D8B7B7 /* Frameworks */,
				A347569A1C43AA1400D8B7B7 /* Resources */,
			);
			buildRules = (
			);
			dependencies = (
				A347569E1C43AA1400D8B7B7 /* PBXTargetDependency */,
			);
			name = RegistrationTests;
			productName = RegistrationTests;
			productReference = A347569C1C43AA1400D8B7B7 /* RegistrationTests.xctest */;
			productType = "com.apple.product-type.bundle.unit-test";
		};
/* End PBXNativeTarget section */

/* Begin PBXProject section */
		A347567B1C43AA1400D8B7B7 /* Project object */ = {
			isa = PBXProject;
			attributes = {
				LastUpgradeCheck = 0640;
				ORGANIZATIONNAME = "Dhaval Barot";
				TargetAttributes = {
					A34756821C43AA1400D8B7B7 = {
						CreatedOnToolsVersion = 6.4;
					};
					A347569B1C43AA1400D8B7B7 = {
						CreatedOnToolsVersion = 6.4;
						TestTargetID = A34756821C43AA1400D8B7B7;
					};
				};
			};
			buildConfigurationList = A347567E1C43AA1400D8B7B7 /* Build configuration list for PBXProject "Registration" */;
			compatibilityVersion = "Xcode 3.2";
			developmentRegion = English;
			hasScannedForEncodings = 0;
			knownRegions = (
				en,
				Base,
			);
			mainGroup = A347567A1C43AA1400D8B7B7;
			productRefGroup = A34756841C43AA1400D8B7B7 /* Products */;
			projectDirPath = "";
			projectRoot = "";
			targets = (
				A34756821C43AA1400D8B7B7 /* Registration */,
				A347569B1C43AA1400D8B7B7 /* RegistrationTests */,
			);
		};
/* End PBXProject section */

/* Begin PBXResourcesBuildPhase section */
		A34756811C43AA1400D8B7B7 /* Resources */ = {
			isa = PBXResourcesBuildPhase;
			buildActionMask = 2147483647;
			files = (
				A34756921C43AA1400D8B7B7 /* Main.storyboard in Resources */,
				A34756971C43AA1400D8B7B7 /* LaunchScreen.xib in Resources */,
				A34756941C43AA1400D8B7B7 /* Images.xcassets in Resources */,
			);
			runOnlyForDeploymentPostprocessing = 0;
		};
		A347569A1C43AA1400D8B7B7 /* Resources */ = {
			isa = PBXResourcesBuildPhase;
			buildActionMask = 2147483647;
			files = (
			);
			runOnlyForDeploymentPostprocessing = 0;
		};
/* End PBXResourcesBuildPhase section */

/* Begin PBXSourcesBuildPhase section */
		A347567F1C43AA1400D8B7B7 /* Sources */ = {
			isa = PBXSourcesBuildPhase;
			buildActionMask = 2147483647;
			files = (
				A347568F1C43AA1400D8B7B7 /* ViewController.m in Sources */,
				A347568C1C43AA1400D8B7B7 /* AppDelegate.m in Sources */,
				A34756AE1C43B90200D8B7B7 /* UserDetailsViewController.m in Sources */,
				A34756891C43AA1400D8B7B7 /* main.m in Sources */,
			);
			runOnlyForDeploymentPostprocessing = 0;
		};
		A34756981C43AA1400D8B7B7 /* Sources */ = {
			isa = PBXSourcesBuildPhase;
			buildActionMask = 2147483647;
			files = (
				A34756A31C43AA1400D8B7B7 /* RegistrationTests.m in Sources */,
			);
			runOnlyForDeploymentPostprocessing = 0;
		};
/* End PBXSourcesBuildPhase section */

/* Begin PBXTargetDependency section */
		A347569E1C43AA1400D8B7B7 /* PBXTargetDependency */ = {
			isa = PBXTargetDependency;
			target = A34756821C43AA1400D8B7B7 /* Registration */;
			targetProxy = A347569D1C43AA1400D8B7B7 /* PBXContainerItemProxy */;
		};
/* End PBXTargetDependency section */

/* Begin PBXVariantGroup section */
		A34756901C43AA1400D8B7B7 /* Main.storyboard */ = {
			isa = PBXVariantGroup;
			children = (
				A34756911C43AA1400D8B7B7 /* Base */,
			);
			name = Main.storyboard;
			sourceTree = "<group>";
		};
		A34756951C43AA1400D8B7B7 /* LaunchScreen.xib */ = {
			isa = PBXVariantGroup;
			children = (
				A34756961C43AA1400D8B7B7 /* Base */,
			);
			name = LaunchScreen.xib;
			sourceTree = "<group>";
		};
/* End PBXVariantGroup section */

/* Begin XCBuildConfiguration section */
		A34756A41C43AA1400D8B7B7 /* Debug */ = {
			isa = XCBuildConfiguration;
			buildSettings = {
				ALWAYS_SEARCH_USER_PATHS = NO;
				CLANG_CXX_LANGUAGE_STANDARD = "gnu++0x";
				CLANG_CXX_LIBRARY = "libc++";
				CLANG_ENABLE_MODULES = YES;
				CLANG_ENABLE_OBJC_ARC = YES;
				CLANG_WARN_BOOL_CONVERSION = YES;
				CLANG_WARN_CONSTANT_CONVERSION = YES;
				CLANG_WARN_DIRECT_OBJC_ISA_USAGE = YES_ERROR;
				CLANG_WARN_EMPTY_BODY = YES;
				CLANG_WARN_ENUM_CONVERSION = YES;
				CLANG_WARN_INT_CONVERSION = YES;
				CLANG_WARN_OBJC_ROOT_CLASS = YES_ERROR;
				CLANG_WARN_UNREACHABLE_CODE = YES;
				CLANG_WARN__DUPLICATE_METHOD_MATCH = YES;
				"CODE_SIGN_IDENTITY[sdk=iphoneos*]" = "iPhone Developer";
				COPY_PHASE_STRIP = NO;
				DEBUG_INFORMATION_FORMAT = "dwarf-with-dsym";
				ENABLE_STRICT_OBJC_MSGSEND = YES;
				GCC_C_LANGUAGE_STANDARD = gnu99;
				GCC_DYNAMIC_NO_PIC = NO;
				GCC_NO_COMMON_BLOCKS = YES;
				GCC_OPTIMIZATION_LEVEL = 0;
				GCC_PREPROCESSOR_DEFINITIONS = (
					"DEBUG=1",
					"$(inherited)",
				);
				GCC_SYMBOLS_PRIVATE_EXTERN = NO;
				GCC_WARN_64_TO_32_BIT_CONVERSION = YES;
				GCC_WARN_ABOUT_RETURN_TYPE = YES_ERROR;
				GCC_WARN_UNDECLARED_SELECTOR = YES;
				GCC_WARN_UNINITIALIZED_AUTOS = YES_AGGRESSIVE;
				GCC_WARN_UNUSED_FUNCTION = YES;
				GCC_WARN_UNUSED_VARIABLE = YES;
				IPHONEOS_DEPLOYMENT_TARGET = 8.4;
				MTL_ENABLE_DEBUG_INFO = YES;
				ONLY_ACTIVE_ARCH = YES;
				SDKROOT = iphoneos;
				TARGETED_DEVICE_FAMILY = "1,2";
			};
			name = Debug;
		};
		A34756A51C43AA1400D8B7B7 /* Release */ = {
			isa = XCBuildConfiguration;
			buildSettings = {
				ALWAYS_SEARCH_USER_PATHS = NO;
				CLANG_CXX_LANGUAGE_STANDARD = "gnu++0x";
				CLANG_CXX_LIBRARY = "libc++";
				CLANG_ENABLE_MODULES = YES;
				CLANG_ENABLE_OBJC_ARC = YES;
				CLANG_WARN_BOOL_CONVERSION = YES;
				CLANG_WARN_CONSTANT_CONVERSION = YES;
				CLANG_WARN_DIRECT_OBJC_ISA_USAGE = YES_ERROR;
				CLANG_WARN_EMPTY_BODY = YES;
				CLANG_WARN_ENUM_CONVERSION = YES;
				CLANG_WARN_INT_CONVERSION = YES;
				CLANG_WARN_OBJC_ROOT_CLASS = YES_ERROR;
				CLANG_WARN_UNREACHABLE_CODE = YES;
				CLANG_WARN__DUPLICATE_METHOD_MATCH = YES;
				"CODE_SIGN_IDENTITY[sdk=iphoneos*]" = "iPhone Developer";
				COPY_PHASE_STRIP = NO;
				DEBUG_INFORMATION_FORMAT = "dwarf-with-dsym";
				ENABLE_NS_ASSERTIONS = NO;
				ENABLE_STRICT_OBJC_MSGSEND = YES;
				GCC_C_LANGUAGE_STANDARD = gnu99;
				GCC_NO_COMMON_BLOCKS = YES;
				GCC_WARN_64_TO_32_BIT_CONVERSION = YES;
				GCC_WARN_ABOUT_RETURN_TYPE = YES_ERROR;
				GCC_WARN_UNDECLARED_SELECTOR = YES;
				GCC_WARN_UNINITIALIZED_AUTOS = YES_AGGRESSIVE;
				GCC_WARN_UNUSED_FUNCTION = YES;
				GCC_WARN_UNUSED_VARIABLE = YES;
				IPHONEOS_DEPLOYMENT_TARGET = 8.4;
				MTL_ENABLE_DEBUG_INFO = NO;
				SDKROOT = iphoneos;
				TARGETED_DEVICE_FAMILY = "1,2";
				VALIDATE_PRODUCT = YES;
			};
			name = Release;
		};
		A34756A71C43AA1400D8B7B7 /* Debug */ = {
			isa = XCBuildConfiguration;
			buildSettings = {
				ASSETCATALOG_COMPILER_APPICON_NAME = AppIcon;
				INFOPLIST_FILE = Registration/Info.plist;
				LD_RUNPATH_SEARCH_PATHS = "$(inherited) @executable_path/Frameworks";
				PRODUCT_NAME = "$(TARGET_NAME)";
			};
			name = Debug;
		};
		A34756A81C43AA1400D8B7B7 /* Release */ = {
			isa = XCBuildConfiguration;
			buildSettings = {
				ASSETCATALOG_COMPILER_APPICON_NAME = AppIcon;
				INFOPLIST_FILE = Registration/Info.plist;
				LD_RUNPATH_SEARCH_PATHS = "$(inherited) @executable_path/Frameworks";
				PRODUCT_NAME = "$(TARGET_NAME)";
			};
			name = Release;
		};
		A34756AA1C43AA1400D8B7B7 /* Debug */ = {
			isa = XCBuildConfiguration;
			buildSettings = {
				BUNDLE_LOADER = "$(TEST_HOST)";
				FRAMEWORK_SEARCH_PATHS = (
					"$(SDKROOT)/Developer/Library/Frameworks",
					"$(inherited)",
				);
				GCC_PREPROCESSOR_DEFINITIONS = (
					"DEBUG=1",
					"$(inherited)",
				);
				INFOPLIST_FILE = RegistrationTests/Info.plist;
				LD_RUNPATH_SEARCH_PATHS = "$(inherited) @executable_path/Frameworks @loader_path/Frameworks";
				PRODUCT_NAME = "$(TARGET_NAME)";
				TEST_HOST = "$(BUILT_PRODUCTS_DIR)/Registration.app/Registration";
			};
			name = Debug;
		};
		A34756AB1C43AA1400D8B7B7 /* Release */ = {
			isa = XCBuildConfiguration;
			buildSettings = {
				BUNDLE_LOADER = "$(TEST_HOST)";
				FRAMEWORK_SEARCH_PATHS = (
					"$(SDKROOT)/Developer/Library/Frameworks",
					"$(inherited)",
				);
				INFOPLIST_FILE = RegistrationTests/Info.plist;
				LD_RUNPATH_SEARCH_PATHS = "$(inherited) @executable_path/Frameworks @loader_path/Frameworks";
				PRODUCT_NAME = "$(TARGET_NAME)";
				TEST_HOST = "$(BUILT_PRODUCTS_DIR)/Registration.app/Registration";
			};
			name = Release;
		};
/* End XCBuildConfiguration section */

/* Begin XCConfigurationList section */
		A347567E1C43AA1400D8B7B7 /* Build configuration list for PBXProject "Registration" */ = {
			isa = XCConfigurationList;
			buildConfigurations = (
				A34756A41C43AA1400D8B7B7 /* Debug */,
				A34756A51C43AA1400D8B7B7 /* Release */,
			);
			defaultConfigurationIsVisible = 0;
			defaultConfigurationName = Release;
		};
		A34756A61C43AA1400D8B7B7 /* Build configuration list for PBXNativeTarget "Registration" */ = {
			isa = XCConfigurationList;
			buildConfigurations = (
				A34756A71C43AA1400D8B7B7 /* Debug */,
				A34756A81C43AA1400D8B7B7 /* Release */,
			);
			defaultConfigurationIsVisible = 0;
		};
		A34756A91C43AA1400D8B7B7 /* Build configuration list for PBXNativeTarget "RegistrationTests" */ = {
			isa = XCConfigurationList;
			buildConfigurations = (
				A34756AA1C43AA1400D8B7B7 /* Debug */,
				A34756AB1C43AA1400D8B7B7 /* Release */,
			);
			defaultConfigurationIsVisible = 0;
		};
/* End XCConfigurationList section */
	};
	rootObject = A347567B1C43AA1400D8B7B7 /* Project object */;
}
